{
  "name": "empty-window",
  "version": "0.0.0",
  "lockfileVersion": 1,
  "requires": true,
  "dependencies": {
    "libui-napi": {
      "version": "0.1.10",
      "resolved": "https://registry.npmjs.org/libui-napi/-/libui-napi-0.1.10.tgz",
      "integrity": "sha512-7u4vpINInRycszp3HlbvhNIPsMgqaSjkkYAStUyVJLHc6MERjb93Lb6X14vnF1+vVTPju0O4OJzGL+SJnb9Syg==",
      "requires": {
        "node-gyp-build": "^3.3.0"
      }
    },
    "node-gyp-build": {
      "version": "3.3.0",
      "resolved": "https://registry.npmjs.org/node-gyp-build/-/node-gyp-build-3.3.0.tgz",
      "integrity": "sha512-SNtBzznpPggc7mY8XTfnYBywd9OGN99bwnxGKFqud9erYJMbwnJn6B8HXER2dy8iOYr6Nf2SzBQoJjV8gdM4Nw=="
    }
  }
}
